
Microsoft Visual Studio Solution File, Format Version 12.00
# Visual Studio Version 17
VisualStudioVersion = 17.1.32328.378
MinimumVisualStudioVersion = 10.0.40219.1
Project("{FAE04EC0-301F-11D3-BF4B-00C04F79EFBC}") = "Tamagotchi", "Tamagotchi\Tamagotchi.csproj", "{DDE53356-4284-4865-9734-FC0FA00E5F79}"
EndProject
Global
	GlobalSection(SolutionConfigurationPlatforms) = preSolution
		Debug|Any CPU = Debug|Any CPU
		Release|Any CPU = Release|Any CPU
	EndGlobalSection
	GlobalSection(ProjectConfigurationPlatforms) = postSolution
		{DDE53356-4284-4865-9734-FC0FA00E5F79}.Debug|Any CPU.ActiveCfg = Debug|Any CPU
		{DDE53356-4284-4865-9734-FC0FA00E5F79}.Debug|Any CPU.Build.0 = Debug|Any CPU
		{DDE53356-4284-4865-9734-FC0FA00E5F79}.Release|Any CPU.ActiveCfg = Release|Any CPU
		{DDE53356-4284-4865-9734-FC0FA00E5F79}.Release|Any CPU.Build.0 = Release|Any CPU
	EndGlobalSection
	GlobalSection(SolutionProperties) = preSolution
		HideSolutionNode = FALSE
	EndGlobalSection
	GlobalSection(ExtensibilityGlobals) = postSolution
		SolutionGuid = {922A3A26-2591-45E0-8C66-A9F282E10BE1}
	EndGlobalSection
EndGlobal
